// !$*UTF8*$!
{
	archiveVersion = 1;
	classes = {
	};
	objectVersion = 50;
	objects = {

/* Begin PBXBuildFile section */
		7A1950E12509C00C007C4318 /* AppDelegate.swift in Sources */ = {isa = PBXBuildFile; fileRef = 7A1950E02509C00C007C4318 /* AppDelegate.swift */; };
		7A1950E32509C00C007C4318 /* SceneDelegate.swift in Sources */ = {isa = PBXBuildFile; fileRef = 7A1950E22509C00C007C4318 /* SceneDelegate.swift */; };
		7A1950E52509C00C007C4318 /* ContentView.swift in Sources */ = {isa = PBXBuildFile; fileRef = 7A1950E42509C00C007C4318 /* ContentView.swift */; };
		7A1950E72509C00D007C4318 /* Assets.xcassets in Resources */ = {isa = PBXBuildFile; fileRef = 7A1950E62509C00D007C4318 /* Assets.xcassets */; };
		7A1950EA2509C00D007C4318 /* Preview Assets.xcassets in Resources */ = {isa = PBXBuildFile; fileRef = 7A1950E92509C00D007C4318 /* Preview Assets.xcassets */; };
		7A1950ED2509C00D007C4318 /* LaunchScreen.storyboard in Resources */ = {isa = PBXBuildFile; fileRef = 7A1950EB2509C00D007C4318 /* LaunchScreen.storyboard */; };
		7A1950F82509C00D007C4318 /* ToggleUISwiftTests.swift in Sources */ = {isa = PBXBuildFile; fileRef = 7A1950F72509C00D007C4318 /* ToggleUISwiftTests.swift */; };
		7A1951032509C00D007C4318 /* ToggleUISwiftUITests.swift in Sources */ = {isa = PBXBuildFile; fileRef = 7A1951022509C00D007C4318 /* ToggleUISwiftUITests.swift */; };
/* End PBXBuildFile section */

/* Begin PBXContainerItemProxy section */
		7A1950F42509C00D007C4318 /* PBXContainerItemProxy */ = {
			isa = PBXContainerItemProxy;
			containerPortal = 7A1950D52509C00C007C4318 /* Project object */;
			proxyType = 1;
			remoteGlobalIDString = 7A1950DC2509C00C007C4318;
			remoteInfo = ToggleUISwift;
		};
		7A1950FF2509C00D007C4318 /* PBXContainerItemProxy */ = {
			isa = PBXContainerItemProxy;
			containerPortal = 7A1950D52509C00C007C4318 /* Project object */;
			proxyType = 1;
			remoteGlobalIDString = 7A1950DC2509C00C007C4318;
			remoteInfo = ToggleUISwift;
		};
/* End PBXContainerItemProxy section */

/* Begin PBXFileReference section */
		7A1950DD2509C00C007C4318 /* ToggleUISwift.app */ = {isa = PBXFileReference; explicitFileType = wrapper.application; includeInIndex = 0; path = ToggleUISwift.app; sourceTree = BUILT_PRODUCTS_DIR; };
		7A1950E02509C00C007C4318 /* AppDelegate.swift */ = {isa = PBXFileReference; lastKnownFileType = sourcecode.swift; path = AppDelegate.swift; sourceTree = "<group>"; };
		7A1950E22509C00C007C4318 /* SceneDelegate.swift */ = {isa = PBXFileReference; lastKnownFileType = sourcecode.swift; path = SceneDelegate.swift; sourceTree = "<group>"; };
		7A1950E42509C00C007C4318 /* ContentView.swift */ = {isa = PBXFileReference; lastKnownFileType = sourcecode.swift; path = ContentView.swift; sourceTree = "<group>"; };
		7A1950E62509C00D007C4318 /* Assets.xcassets */ = {isa = PBXFileReference; lastKnownFileType = folder.assetcatalog; path = Assets.xcassets; sourceTree = "<group>"; };
		7A1950E92509C00D007C4318 /* Preview Assets.xcassets */ = {isa = PBXFileReference; lastKnownFileType = folder.assetcatalog; path = "Preview Assets.xcassets"; sourceTree = "<group>"; };
		7A1950EC2509C00D007C4318 /* Base */ = {isa = PBXFileReference; lastKnownFileType = file.storyboard; name = Base; path = Base.lproj/LaunchScreen.storyboard; sourceTree = "<group>"; };
		7A1950EE2509C00D007C4318 /* Info.plist */ = {isa = PBXFileReference; lastKnownFileType = text.plist.xml; path = Info.plist; sourceTree = "<group>"; };
		7A1950F32509C00D007C4318 /* ToggleUISwiftTests.xctest */ = {isa = PBXFileReference; explicitFileType = wrapper.cfbundle; includeInIndex = 0; path = ToggleUISwiftTests.xctest; sourceTree = BUILT_PRODUCTS_DIR; };
		7A1950F72509C00D007C4318 /* ToggleUISwiftTests.swift */ = {isa = PBXFileReference; lastKnownFileType = sourcecode.swift; path = ToggleUISwiftTests.swift; sourceTree = "<group>"; };
		7A1950F92509C00D007C4318 /* Info.plist */ = {isa = PBXFileReference; lastKnownFileType = text.plist.xml; path = Info.plist; sourceTree = "<group>"; };
		7A1950FE2509C00D007C4318 /* ToggleUISwiftUITests.xctest */ = {isa = PBXFileReference; explicitFileType = wrapper.cfbundle; includeInIndex = 0; path = ToggleUISwiftUITests.xctest; sourceTree = BUILT_PRODUCTS_DIR; };
		7A1951022509C00D007C4318 /* ToggleUISwiftUITests.swift */ = {isa = PBXFileReference; lastKnownFileType = sourcecode.swift; path = ToggleUISwiftUITests.swift; sourceTree = "<group>"; };
		7A1951042509C00D007C4318 /* Info.plist */ = {isa = PBXFileReference; lastKnownFileType = text.plist.xml; path = Info.plist; sourceTree = "<group>"; };
/* End PBXFileReference section */

/* Begin PBXFrameworksBuildPhase section */
		7A1950DA2509C00C007C4318 /* Frameworks */ = {
			isa = PBXFrameworksBuildPhase;
			buildActionMask = 2147483647;
			files = (
			);
			runOnlyForDeploymentPostprocessing = 0;
		};
		7A1950F02509C00D007C4318 /* Frameworks */ = {
			isa = PBXFrameworksBuildPhase;
			buildActionMask = 2147483647;
			files = (
			);
			runOnlyForDeploymentPostprocessing = 0;
		};
		7A1950FB2509C00D007C4318 /* Frameworks */ = {
			isa = PBXFrameworksBuildPhase;
			buildActionMask = 2147483647;
			files = (
			);
			runOnlyForDeploymentPostprocessing = 0;
		};
/* End PBXFrameworksBuildPhase section */

/* Begin PBXGroup section */
		7A1950D42509C00C007C4318 = {
			isa = PBXGroup;
			children = (
				7A1950DF2509C00C007C4318 /* ToggleUISwift */,
				7A1950F62509C00D007C4318 /* ToggleUISwiftTests */,
				7A1951012509C00D007C4318 /* ToggleUISwiftUITests */,
				7A1950DE2509C00C007C4318 /* Products */,
			);
			sourceTree = "<group>";
		};
		7A1950DE2509C00C007C4318 /* Products */ = {
			isa = PBXGroup;
			children = (
				7A1950DD2509C00C007C4318 /* ToggleUISwift.app */,
				7A1950F32509C00D007C4318 /* ToggleUISwiftTests.xctest */,
				7A1950FE2509C00D007C4318 /* ToggleUISwiftUITests.xctest */,
			);
			name = Products;
			sourceTree = "<group>";
		};
		7A1950DF2509C00C007C4318 /* ToggleUISwift */ = {
			isa = PBXGroup;
			children = (
				7A1950E02509C00C007C4318 /* AppDelegate.swift */,
				7A1950E22509C00C007C4318 /* SceneDelegate.swift */,
				7A1950E42509C00C007C4318 /* ContentView.swift */,
				7A1950E62509C00D007C4318 /* Assets.xcassets */,
				7A1950EB2509C00D007C4318 /* LaunchScreen.storyboard */,
				7A1950EE2509C00D007C4318 /* Info.plist */,
				7A1950E82509C00D007C4318 /* Preview Content */,
			);
			path = ToggleUISwift;
			sourceTree = "<group>";
		};
		7A1950E82509C00D007C4318 /* Preview Content */ = {
			isa = PBXGroup;
			children = (
				7A1950E92509C00D007C4318 /* Preview Assets.xcassets */,
			);
			path = "Preview Content";
			sourceTree = "<group>";
		};
		7A1950F62509C00D007C4318 /* ToggleUISwiftTests */ = {
			isa = PBXGroup;
			children = (
				7A1950F72509C00D007C4318 /* ToggleUISwiftTests.swift */,
				7A1950F92509C00D007C4318 /* Info.plist */,
			);
			path = ToggleUISwiftTests;
			sourceTree = "<group>";
		};
		7A1951012509C00D007C4318 /* ToggleUISwiftUITests */ = {
			isa = PBXGroup;
			children = (
				7A1951022509C00D007C4318 /* ToggleUISwiftUITests.swift */,
				7A1951042509C00D007C4318 /* Info.plist */,
			);
			path = ToggleUISwiftUITests;
			sourceTree = "<group>";
		};
/* End PBXGroup section */

/* Begin PBXNativeTarget section */
		7A1950DC2509C00C007C4318 /* ToggleUISwift */ = {
			isa = PBXNativeTarget;
			buildConfigurationList = 7A1951072509C00D007C4318 /* Build configuration list for PBXNativeTarget "ToggleUISwift" */;
			buildPhases = (
				7A1950D92509C00C007C4318 /* Sources */,
				7A1950DA2509C00C007C4318 /* Frameworks */,
				7A1950DB2509C00C007C4318 /* Resources */,
			);
			buildRules = (
			);
			dependencies = (
			);
			name = ToggleUISwift;
			productName = ToggleUISwift;
			productReference = 7A1950DD2509C00C007C4318 /* ToggleUISwift.app */;
			productType = "com.apple.product-type.application";
		};
		7A1950F22509C00D007C4318 /* ToggleUISwiftTests */ = {
			isa = PBXNativeTarget;
			buildConfigurationList = 7A19510A2509C00D007C4318 /* Build configuration list for PBXNativeTarget "ToggleUISwiftTests" */;
			buildPhases = (
				7A1950EF2509C00D007C4318 /* Sources */,
				7A1950F02509C00D007C4318 /* Frameworks */,
				7A1950F12509C00D007C4318 /* Resources */,
			);
			buildRules = (
			);
			dependencies = (
				7A1950F52509C00D007C4318 /* PBXTargetDependency */,
			);
			name = ToggleUISwiftTests;
			productName = ToggleUISwiftTests;
			productReference = 7A1950F32509C00D007C4318 /* ToggleUISwiftTests.xctest */;
			productType = "com.apple.product-type.bundle.unit-test";
		};
		7A1950FD2509C00D007C4318 /* ToggleUISwiftUITests */ = {
			isa = PBXNativeTarget;
			buildConfigurationList = 7A19510D2509C00D007C4318 /* Build configuration list for PBXNativeTarget "ToggleUISwiftUITests" */;
			buildPhases = (
				7A1950FA2509C00D007C4318 /* Sources */,
				7A1950FB2509C00D007C4318 /* Frameworks */,
				7A1950FC2509C00D007C4318 /* Resources */,
			);
			buildRules = (
			);
			dependencies = (
				7A1951002509C00D007C4318 /* PBXTargetDependency */,
			);
			name = ToggleUISwiftUITests;
			productName = ToggleUISwiftUITests;
			productReference = 7A1950FE2509C00D007C4318 /* ToggleUISwiftUITests.xctest */;
			productType = "com.apple.product-type.bundle.ui-testing";
		};
/* End PBXNativeTarget section */

/* Begin PBXProject section */
		7A1950D52509C00C007C4318 /* Project object */ = {
			isa = PBXProject;
			attributes = {
				LastSwiftUpdateCheck = 1170;
				LastUpgradeCheck = 1170;
				ORGANIZATIONNAME = "Goncharov Evgenii";
				TargetAttributes = {
					7A1950DC2509C00C007C4318 = {
						CreatedOnToolsVersion = 11.7;
					};
					7A1950F22509C00D007C4318 = {
						CreatedOnToolsVersion = 11.7;
						TestTargetID = 7A1950DC2509C00C007C4318;
					};
					7A1950FD2509C00D007C4318 = {
						CreatedOnToolsVersion = 11.7;
						TestTargetID = 7A1950DC2509C00C007C4318;
					};
				};
			};
			buildConfigurationList = 7A1950D82509C00C007C4318 /* Build configuration list for PBXProject "ToggleUISwift" */;
			compatibilityVersion = "Xcode 9.3";
			developmentRegion = en;
			hasScannedForEncodings = 0;
			knownRegions = (
				en,
				Base,
			);
			mainGroup = 7A1950D42509C00C007C4318;
			productRefGroup = 7A1950DE2509C00C007C4318 /* Products */;
			projectDirPath = "";
			projectRoot = "";
			targets = (
				7A1950DC2509C00C007C4318 /* ToggleUISwift */,
				7A1950F22509C00D007C4318 /* ToggleUISwiftTests */,
				7A1950FD2509C00D007C4318 /* ToggleUISwiftUITests */,
			);
		};
/* End PBXProject section */

/* Begin PBXResourcesBuildPhase section */
		7A1950DB2509C00C007C4318 /* Resources */ = {
			isa = PBXResourcesBuildPhase;
			buildActionMask = 2147483647;
			files = (
				7A1950ED2509C00D007C4318 /* LaunchScreen.storyboard in Resources */,
				7A1950EA2509C00D007C4318 /* Preview Assets.xcassets in Resources */,
				7A1950E72509C00D007C4318 /* Assets.xcassets in Resources */,
			);
			runOnlyForDeploymentPostprocessing = 0;
		};
		7A1950F12509C00D007C4318 /* Resources */ = {
			isa = PBXResourcesBuildPhase;
			buildActionMask = 2147483647;
			files = (
			);
			runOnlyForDeploymentPostprocessing = 0;
		};
		7A1950FC2509C00D007C4318 /* Resources */ = {
			isa = PBXResourcesBuildPhase;
			buildActionMask = 2147483647;
			files = (
			);
			runOnlyForDeploymentPostprocessing = 0;
		};
/* End PBXResourcesBuildPhase section */

/* Begin PBXSourcesBuildPhase section */
		7A1950D92509C00C007C4318 /* Sources */ = {
			isa = PBXSourcesBuildPhase;
			buildActionMask = 2147483647;
			files = (
				7A1950E12509C00C007C4318 /* AppDelegate.swift in Sources */,
				7A1950E32509C00C007C4318 /* SceneDelegate.swift in Sources */,
				7A1950E52509C00C007C4318 /* ContentView.swift in Sources */,
			);
			runOnlyForDeploymentPostprocessing = 0;
		};
		7A1950EF2509C00D007C4318 /* Sources */ = {
			isa = PBXSourcesBuildPhase;
			buildActionMask = 2147483647;
			files = (
				7A1950F82509C00D007C4318 /* ToggleUISwiftTests.swift in Sources */,
			);
			runOnlyForDeploymentPostprocessing = 0;
		};
		7A1950FA2509C00D007C4318 /* Sources */ = {
			isa = PBXSourcesBuildPhase;
			buildActionMask = 2147483647;
			files = (
				7A1951032509C00D007C4318 /* ToggleUISwiftUITests.swift in Sources */,
			);
			runOnlyForDeploymentPostprocessing = 0;
		};
/* End PBXSourcesBuildPhase section */

/* Begin PBXTargetDependency section */
		7A1950F52509C00D007C4318 /* PBXTargetDependency */ = {
			isa = PBXTargetDependency;
			target = 7A1950DC2509C00C007C4318 /* ToggleUISwift */;
			targetProxy = 7A1950F42509C00D007C4318 /* PBXContainerItemProxy */;
		};
		7A1951002509C00D007C4318 /* PBXTargetDependency */ = {
			isa = PBXTargetDependency;
			target = 7A1950DC2509C00C007C4318 /* ToggleUISwift */;
			targetProxy = 7A1950FF2509C00D007C4318 /* PBXContainerItemProxy */;
		};
/* End PBXTargetDependency section */

/* Begin PBXVariantGroup section */
		7A1950EB2509C00D007C4318 /* LaunchScreen.storyboard */ = {
			isa = PBXVariantGroup;
			children = (
				7A1950EC2509C00D007C4318 /* Base */,
			);
			name = LaunchScreen.storyboard;
			sourceTree = "<group>";
		};
/* End PBXVariantGroup section */

/* Begin XCBuildConfiguration section */
		7A1951052509C00D007C4318 /* Debug */ = {
			isa = XCBuildConfiguration;
			buildSettings = {
				ALWAYS_SEARCH_USER_PATHS = NO;
				CLANG_ANALYZER_NONNULL = YES;
				CLANG_ANALYZER_NUMBER_OBJECT_CONVERSION = YES_AGGRESSIVE;
				CLANG_CXX_LANGUAGE_STANDARD = "gnu++14";
				CLANG_CXX_LIBRARY = "libc++";
				CLANG_ENABLE_MODULES = YES;
				CLANG_ENABLE_OBJC_ARC = YES;
				CLANG_ENABLE_OBJC_WEAK = YES;
				CLANG_WARN_BLOCK_CAPTURE_AUTORELEASING = YES;
				CLANG_WARN_BOOL_CONVERSION = YES;
				CLANG_WARN_COMMA = YES;
				CLANG_WARN_CONSTANT_CONVERSION = YES;
				CLANG_WARN_DEPRECATED_OBJC_IMPLEMENTATIONS = YES;
				CLANG_WARN_DIRECT_OBJC_ISA_USAGE = YES_ERROR;
				CLANG_WARN_DOCUMENTATION_COMMENTS = YES;
				CLANG_WARN_EMPTY_BODY = YES;
				CLANG_WARN_ENUM_CONVERSION = YES;
				CLANG_WARN_INFINITE_RECURSION = YES;
				CLANG_WARN_INT_CONVERSION = YES;
				CLANG_WARN_NON_LITERAL_NULL_CONVERSION = YES;
				CLANG_WARN_OBJC_IMPLICIT_RETAIN_SELF = YES;
				CLANG_WARN_OBJC_LITERAL_CONVERSION = YES;
				CLANG_WARN_OBJC_ROOT_CLASS = YES_ERROR;
				CLANG_WARN_RANGE_LOOP_ANALYSIS = YES;
				CLANG_WARN_STRICT_PROTOTYPES = YES;
				CLANG_WARN_SUSPICIOUS_MOVE = YES;
				CLANG_WARN_UNGUARDED_AVAILABILITY = YES_AGGRESSIVE;
				CLANG_WARN_UNREACHABLE_CODE = YES;
				CLANG_WARN__DUPLICATE_METHOD_MATCH = YES;
				COPY_PHASE_STRIP = NO;
				DEBUG_INFORMATION_FORMAT = dwarf;
				ENABLE_STRICT_OBJC_MSGSEND = YES;
				ENABLE_TESTABILITY = YES;
				GCC_C_LANGUAGE_STANDARD = gnu11;
				GCC_DYNAMIC_NO_PIC = NO;
				GCC_NO_COMMON_BLOCKS = YES;
				GCC_OPTIMIZATION_LEVEL = 0;
				GCC_PREPROCESSOR_DEFINITIONS = (
					"DEBUG=1",
					"$(inherited)",
				);
				GCC_WARN_64_TO_32_BIT_CONVERSION = YES;
				GCC_WARN_ABOUT_RETURN_TYPE = YES_ERROR;
				GCC_WARN_UNDECLARED_SELECTOR = YES;
				GCC_WARN_UNINITIALIZED_AUTOS = YES_AGGRESSIVE;
				GCC_WARN_UNUSED_FUNCTION = YES;
				GCC_WARN_UNUSED_VARIABLE = YES;
				IPHONEOS_DEPLOYMENT_TARGET = 13.7;
				MTL_ENABLE_DEBUG_INFO = INCLUDE_SOURCE;
				MTL_FAST_MATH = YES;
				ONLY_ACTIVE_ARCH = YES;
				SDKROOT = iphoneos;
				SWIFT_ACTIVE_COMPILATION_CONDITIONS = DEBUG;
				SWIFT_OPTIMIZATION_LEVEL = "-Onone";
			};
			name = Debug;
		};
		7A1951062509C00D007C4318 /* Release */ = {
			isa = XCBuildConfiguration;
			buildSettings = {
				ALWAYS_SEARCH_USER_PATHS = NO;
				CLANG_ANALYZER_NONNULL = YES;
				CLANG_ANALYZER_NUMBER_OBJECT_CONVERSION = YES_AGGRESSIVE;
				CLANG_CXX_LANGUAGE_STANDARD = "gnu++14";
				CLANG_CXX_LIBRARY = "libc++";
				CLANG_ENABLE_MODULES = YES;
				CLANG_ENABLE_OBJC_ARC = YES;
				CLANG_ENABLE_OBJC_WEAK = YES;
				CLANG_WARN_BLOCK_CAPTURE_AUTORELEASING = YES;
				CLANG_WARN_BOOL_CONVERSION = YES;
				CLANG_WARN_COMMA = YES;
				CLANG_WARN_CONSTANT_CONVERSION = YES;
				CLANG_WARN_DEPRECATED_OBJC_IMPLEMENTATIONS = YES;
				CLANG_WARN_DIRECT_OBJC_ISA_USAGE = YES_ERROR;
				CLANG_WARN_DOCUMENTATION_COMMENTS = YES;
				CLANG_WARN_EMPTY_BODY = YES;
				CLANG_WARN_ENUM_CONVERSION = YES;
				CLANG_WARN_INFINITE_RECURSION = YES;
				CLANG_WARN_INT_CONVERSION = YES;
				CLANG_WARN_NON_LITERAL_NULL_CONVERSION = YES;
				CLANG_WARN_OBJC_IMPLICIT_RETAIN_SELF = YES;
				CLANG_WARN_OBJC_LITERAL_CONVERSION = YES;
				CLANG_WARN_OBJC_ROOT_CLASS = YES_ERROR;
				CLANG_WARN_RANGE_LOOP_ANALYSIS = YES;
				CLANG_WARN_STRICT_PROTOTYPES = YES;
				CLANG_WARN_SUSPICIOUS_MOVE = YES;
				CLANG_WARN_UNGUARDED_AVAILABILITY = YES_AGGRESSIVE;
				CLANG_WARN_UNREACHABLE_CODE = YES;
				CLANG_WARN__DUPLICATE_METHOD_MATCH = YES;
				COPY_PHASE_STRIP = NO;
				DEBUG_INFORMATION_FORMAT = "dwarf-with-dsym";
				ENABLE_NS_ASSERTIONS = NO;
				ENABLE_STRICT_OBJC_MSGSEND = YES;
				GCC_C_LANGUAGE_STANDARD = gnu11;
				GCC_NO_COMMON_BLOCKS = YES;
				GCC_WARN_64_TO_32_BIT_CONVERSION = YES;
				GCC_WARN_ABOUT_RETURN_TYPE = YES_ERROR;
				GCC_WARN_UNDECLARED_SELECTOR = YES;
				GCC_WARN_UNINITIALIZED_AUTOS = YES_AGGRESSIVE;
				GCC_WARN_UNUSED_FUNCTION = YES;
				GCC_WARN_UNUSED_VARIABLE = YES;
				IPHONEOS_DEPLOYMENT_TARGET = 13.7;
				MTL_ENABLE_DEBUG_INFO = NO;
				MTL_FAST_MATH = YES;
				SDKROOT = iphoneos;
				SWIFT_COMPILATION_MODE = wholemodule;
				SWIFT_OPTIMIZATION_LEVEL = "-O";
				VALIDATE_PRODUCT = YES;
			};
			name = Release;
		};
		7A1951082509C00D007C4318 /* Debug */ = {
			isa = XCBuildConfiguration;
			buildSettings = {
				ASSETCATALOG_COMPILER_APPICON_NAME = AppIcon;
				CODE_SIGN_STYLE = Automatic;
				DEVELOPMENT_ASSET_PATHS = "\"ToggleUISwift/Preview Content\"";
				DEVELOPMENT_TEAM = A5MF3X8BX8;
				ENABLE_PREVIEWS = YES;
				INFOPLIST_FILE = ToggleUISwift/Info.plist;
				LD_RUNPATH_SEARCH_PATHS = (
					"$(inherited)",
					"@executable_path/Frameworks",
				);
				PRODUCT_BUNDLE_IDENTIFIER = swiftui.ToggleUISwift;
				PRODUCT_NAME = "$(TARGET_NAME)";
				SWIFT_VERSION = 5.0;
				TARGETED_DEVICE_FAMILY = "1,2";
			};
			name = Debug;
		};
		7A1951092509C00D007C4318 /* Release */ = {
			isa = XCBuildConfiguration;
			buildSettings = {
				ASSETCATALOG_COMPILER_APPICON_NAME = AppIcon;
				CODE_SIGN_STYLE = Automatic;
				DEVELOPMENT_ASSET_PATHS = "\"ToggleUISwift/Preview Content\"";
				DEVELOPMENT_TEAM = A5MF3X8BX8;
				ENABLE_PREVIEWS = YES;
				INFOPLIST_FILE = ToggleUISwift/Info.plist;
				LD_RUNPATH_SEARCH_PATHS = (
					"$(inherited)",
					"@executable_path/Frameworks",
				);
				PRODUCT_BUNDLE_IDENTIFIER = swiftui.ToggleUISwift;
				PRODUCT_NAME = "$(TARGET_NAME)";
				SWIFT_VERSION = 5.0;
				TARGETED_DEVICE_FAMILY = "1,2";
			};
			name = Release;
		};
		7A19510B2509C00D007C4318 /* Debug */ = {
			isa = XCBuildConfiguration;
			buildSettings = {
				ALWAYS_EMBED_SWIFT_STANDARD_LIBRARIES = YES;
				BUNDLE_LOADER = "$(TEST_HOST)";
				CODE_SIGN_STYLE = Automatic;
				DEVELOPMENT_TEAM = A5MF3X8BX8;
				INFOPLIST_FILE = ToggleUISwiftTests/Info.plist;
				IPHONEOS_DEPLOYMENT_TARGET = 13.7;
				LD_RUNPATH_SEARCH_PATHS = (
					"$(inherited)",
					"@executable_path/Frameworks",
					"@loader_path/Frameworks",
				);
				PRODUCT_BUNDLE_IDENTIFIER = swiftui.ToggleUISwiftTests;
				PRODUCT_NAME = "$(TARGET_NAME)";
				SWIFT_VERSION = 5.0;
				TARGETED_DEVICE_FAMILY = "1,2";
				TEST_HOST = "$(BUILT_PRODUCTS_DIR)/ToggleUISwift.app/ToggleUISwift";
			};
			name = Debug;
		};
		7A19510C2509C00D007C4318 /* Release */ = {
			isa = XCBuildConfiguration;
			buildSettings = {
				ALWAYS_EMBED_SWIFT_STANDARD_LIBRARIES = YES;
				BUNDLE_LOADER = "$(TEST_HOST)";
				CODE_SIGN_STYLE = Automatic;
				DEVELOPMENT_TEAM = A5MF3X8BX8;
				INFOPLIST_FILE = ToggleUISwiftTests/Info.plist;
				IPHONEOS_DEPLOYMENT_TARGET = 13.7;
				LD_RUNPATH_SEARCH_PATHS = (
					"$(inherited)",
					"@executable_path/Frameworks",
					"@loader_path/Frameworks",
				);
				PRODUCT_BUNDLE_IDENTIFIER = swiftui.ToggleUISwiftTests;
				PRODUCT_NAME = "$(TARGET_NAME)";
				SWIFT_VERSION = 5.0;
				TARGETED_DEVICE_FAMILY = "1,2";
				TEST_HOST = "$(BUILT_PRODUCTS_DIR)/ToggleUISwift.app/ToggleUISwift";
			};
			name = Release;
		};
		7A19510E2509C00D007C4318 /* Debug */ = {
			isa = XCBuildConfiguration;
			buildSettings = {
				ALWAYS_EMBED_SWIFT_STANDARD_LIBRARIES = YES;
				CODE_SIGN_STYLE = Automatic;
				DEVELOPMENT_TEAM = A5MF3X8BX8;
				INFOPLIST_FILE = ToggleUISwiftUITests/Info.plist;
				LD_RUNPATH_SEARCH_PATHS = (
					"$(inherited)",
					"@executable_path/Frameworks",
					"@loader_path/Frameworks",
				);
				PRODUCT_BUNDLE_IDENTIFIER = swiftui.ToggleUISwiftUITests;
				PRODUCT_NAME = "$(TARGET_NAME)";
				SWIFT_VERSION = 5.0;
				TARGETED_DEVICE_FAMILY = "1,2";
				TEST_TARGET_NAME = ToggleUISwift;
			};
			name = Debug;
		};
		7A19510F2509C00D007C4318 /* Release */ = {
			isa = XCBuildConfiguration;
			buildSettings = {
				ALWAYS_EMBED_SWIFT_STANDARD_LIBRARIES = YES;
				CODE_SIGN_STYLE = Automatic;
				DEVELOPMENT_TEAM = A5MF3X8BX8;
				INFOPLIST_FILE = ToggleUISwiftUITests/Info.plist;
				LD_RUNPATH_SEARCH_PATHS = (
					"$(inherited)",
					"@executable_path/Frameworks",
					"@loader_path/Frameworks",
				);
				PRODUCT_BUNDLE_IDENTIFIER = swiftui.ToggleUISwiftUITests;
				PRODUCT_NAME = "$(TARGET_NAME)";
				SWIFT_VERSION = 5.0;
				TARGETED_DEVICE_FAMILY = "1,2";
				TEST_TARGET_NAME = ToggleUISwift;
			};
			name = Release;
		};
/* End XCBuildConfiguration section */

/* Begin XCConfigurationList section */
		7A1950D82509C00C007C4318 /* Build configuration list for PBXProject "ToggleUISwift" */ = {
			isa = XCConfigurationList;
			buildConfigurations = (
				7A1951052509C00D007C4318 /* Debug */,
				7A1951062509C00D007C4318 /* Release */,
			);
			defaultConfigurationIsVisible = 0;
			defaultConfigurationName = Release;
		};
		7A1951072509C00D007C4318 /* Build configuration list for PBXNativeTarget "ToggleUISwift" */ = {
			isa = XCConfigurationList;
			buildConfigurations = (
				7A1951082509C00D007C4318 /* Debug */,
				7A1951092509C00D007C4318 /* Release */,
			);
			defaultConfigurationIsVisible = 0;
			defaultConfigurationName = Release;
		};
		7A19510A2509C00D007C4318 /* Build configuration list for PBXNativeTarget "ToggleUISwiftTests" */ = {
			isa = XCConfigurationList;
			buildConfigurations = (
				7A19510B2509C00D007C4318 /* Debug */,
				7A19510C2509C00D007C4318 /* Release */,
			);
			defaultConfigurationIsVisible = 0;
			defaultConfigurationName = Release;
		};
		7A19510D2509C00D007C4318 /* Build configuration list for PBXNativeTarget "ToggleUISwiftUITests" */ = {
			isa = XCConfigurationList;
			buildConfigurations = (
				7A19510E2509C00D007C4318 /* Debug */,
				7A19510F2509C00D007C4318 /* Release */,
			);
			defaultConfigurationIsVisible = 0;
			defaultConfigurationName = Release;
		};
/* End XCConfigurationList section */
	};
	rootObject = 7A1950D52509C00C007C4318 /* Project object */;
}
